// !$*UTF8*$!
{
	archiveVersion = 1;
	classes = {
	};
	objectVersion = 46;
	objects = {

/* Begin PBXBuildFile section */
		891538C51D248BCB00BAB813 /* AppDelegate.swift in Sources */ = {isa = PBXBuildFile; fileRef = 891538C41D248BCB00BAB813 /* AppDelegate.swift */; };
		891538C71D248BCB00BAB813 /* ViewController.swift in Sources */ = {isa = PBXBuildFile; fileRef = 891538C61D248BCB00BAB813 /* ViewController.swift */; };
		891538CA1D248BCB00BAB813 /* Main.storyboard in Resources */ = {isa = PBXBuildFile; fileRef = 891538C81D248BCB00BAB813 /* Main.storyboard */; };
		891538CC1D248BCB00BAB813 /* Assets.xcassets in Resources */ = {isa = PBXBuildFile; fileRef = 891538CB1D248BCB00BAB813 /* Assets.xcassets */; };
		891538CF1D248BCB00BAB813 /* LaunchScreen.storyboard in Resources */ = {isa = PBXBuildFile; fileRef = 891538CD1D248BCB00BAB813 /* LaunchScreen.storyboard */; };
		891538F61D29DD1B00BAB813 /* SwiftReadability.framework in Frameworks */ = {isa = PBXBuildFile; fileRef = 891538F51D29DD1B00BAB813 /* SwiftReadability.framework */; };
		891538F71D29DD1B00BAB813 /* SwiftReadability.framework in Embed Frameworks */ = {isa = PBXBuildFile; fileRef = 891538F51D29DD1B00BAB813 /* SwiftReadability.framework */; settings = {ATTRIBUTES = (CodeSignOnCopy, RemoveHeadersOnCopy, ); }; };
/* End PBXBuildFile section */

/* Begin PBXCopyFilesBuildPhase section */
		891538F81D29DD1B00BAB813 /* Embed Frameworks */ = {
			isa = PBXCopyFilesBuildPhase;
			buildActionMask = 2147483647;
			dstPath = "";
			dstSubfolderSpec = 10;
			files = (
				891538F71D29DD1B00BAB813 /* SwiftReadability.framework in Embed Frameworks */,
			);
			name = "Embed Frameworks";
			runOnlyForDeploymentPostprocessing = 0;
		};
/* End PBXCopyFilesBuildPhase section */

/* Begin PBXFileReference section */
		891538C11D248BCB00BAB813 /* SwiftReadabilityExample.app */ = {isa = PBXFileReference; explicitFileType = wrapper.application; includeInIndex = 0; path = SwiftReadabilityExample.app; sourceTree = BUILT_PRODUCTS_DIR; };
		891538C41D248BCB00BAB813 /* AppDelegate.swift */ = {isa = PBXFileReference; lastKnownFileType = sourcecode.swift; path = AppDelegate.swift; sourceTree = "<group>"; };
		891538C61D248BCB00BAB813 /* ViewController.swift */ = {isa = PBXFileReference; lastKnownFileType = sourcecode.swift; path = ViewController.swift; sourceTree = "<group>"; };
		891538C91D248BCB00BAB813 /* Base */ = {isa = PBXFileReference; lastKnownFileType = file.storyboard; name = Base; path = Base.lproj/Main.storyboard; sourceTree = "<group>"; };
		891538CB1D248BCB00BAB813 /* Assets.xcassets */ = {isa = PBXFileReference; lastKnownFileType = folder.assetcatalog; path = Assets.xcassets; sourceTree = "<group>"; };
		891538CE1D248BCB00BAB813 /* Base */ = {isa = PBXFileReference; lastKnownFileType = file.storyboard; name = Base; path = Base.lproj/LaunchScreen.storyboard; sourceTree = "<group>"; };
		891538D01D248BCB00BAB813 /* Info.plist */ = {isa = PBXFileReference; lastKnownFileType = text.plist.xml; path = Info.plist; sourceTree = "<group>"; };
		891538ED1D248C6B00BAB813 /* SwiftReadability.framework */ = {isa = PBXFileReference; lastKnownFileType = wrapper.framework; name = SwiftReadability.framework; path = "../../../../Library/Developer/Xcode/DerivedData/SwiftReadability-fktgjfhnivvydvgvpkdgaewyjctd/Build/Products/Debug-iphonesimulator/SwiftReadability.framework"; sourceTree = "<group>"; };
		891538F51D29DD1B00BAB813 /* SwiftReadability.framework */ = {isa = PBXFileReference; explicitFileType = wrapper.framework; name = SwiftReadability.framework; path = "/Users/Chloe/Library/Developer/Xcode/DerivedData/SwiftReadability-fktgjfhnivvydvgvpkdgaewyjctd/Build/Products/Debug-iphoneos/SwiftReadability.framework"; sourceTree = "<absolute>"; };
/* End PBXFileReference section */

/* Begin PBXFrameworksBuildPhase section */
		891538BE1D248BCB00BAB813 /* Frameworks */ = {
			isa = PBXFrameworksBuildPhase;
			buildActionMask = 2147483647;
			files = (
				891538F61D29DD1B00BAB813 /* SwiftReadability.framework in Frameworks */,
			);
			runOnlyForDeploymentPostprocessing = 0;
		};
/* End PBXFrameworksBuildPhase section */

/* Begin PBXGroup section */
		891538B81D248BCB00BAB813 = {
			isa = PBXGroup;
			children = (
				891538F51D29DD1B00BAB813 /* SwiftReadability.framework */,
				891538C31D248BCB00BAB813 /* SwiftReadabilityExample */,
				891538C21D248BCB00BAB813 /* Products */,
				891538EC1D248C6B00BAB813 /* Frameworks */,
			);
			sourceTree = "<group>";
		};
		891538C21D248BCB00BAB813 /* Products */ = {
			isa = PBXGroup;
			children = (
				891538C11D248BCB00BAB813 /* SwiftReadabilityExample.app */,
			);
			name = Products;
			sourceTree = "<group>";
		};
		891538C31D248BCB00BAB813 /* SwiftReadabilityExample */ = {
			isa = PBXGroup;
			children = (
				891538C41D248BCB00BAB813 /* AppDelegate.swift */,
				891538C61D248BCB00BAB813 /* ViewController.swift */,
				891538C81D248BCB00BAB813 /* Main.storyboard */,
				891538CB1D248BCB00BAB813 /* Assets.xcassets */,
				891538CD1D248BCB00BAB813 /* LaunchScreen.storyboard */,
				891538D01D248BCB00BAB813 /* Info.plist */,
			);
			path = SwiftReadabilityExample;
			sourceTree = "<group>";
		};
		891538EC1D248C6B00BAB813 /* Frameworks */ = {
			isa = PBXGroup;
			children = (
				891538ED1D248C6B00BAB813 /* SwiftReadability.framework */,
			);
			name = Frameworks;
			sourceTree = "<group>";
		};
/* End PBXGroup section */

/* Begin PBXNativeTarget section */
		891538C01D248BCB00BAB813 /* SwiftReadabilityExample */ = {
			isa = PBXNativeTarget;
			buildConfigurationList = 891538D31D248BCB00BAB813 /* Build configuration list for PBXNativeTarget "SwiftReadabilityExample" */;
			buildPhases = (
				891538BD1D248BCB00BAB813 /* Sources */,
				891538BE1D248BCB00BAB813 /* Frameworks */,
				891538BF1D248BCB00BAB813 /* Resources */,
				891538F81D29DD1B00BAB813 /* Embed Frameworks */,
			);
			buildRules = (
			);
			dependencies = (
			);
			name = SwiftReadabilityExample;
			productName = SwiftReadabilityExample;
			productReference = 891538C11D248BCB00BAB813 /* SwiftReadabilityExample.app */;
			productType = "com.apple.product-type.application";
		};
/* End PBXNativeTarget section */

/* Begin PBXProject section */
		891538B91D248BCB00BAB813 /* Project object */ = {
			isa = PBXProject;
			attributes = {
				LastSwiftUpdateCheck = 0800;
				LastUpgradeCheck = 0800;
				ORGANIZATIONNAME = "Chloe Horgan";
				TargetAttributes = {
					891538C01D248BCB00BAB813 = {
						CreatedOnToolsVersion = 8.0;
						DevelopmentTeam = U88Q589DZB;
						DevelopmentTeamName = "Chloe Horgan";
						ProvisioningStyle = Automatic;
					};
				};
			};
			buildConfigurationList = 891538BC1D248BCB00BAB813 /* Build configuration list for PBXProject "SwiftReadabilityExample" */;
			compatibilityVersion = "Xcode 3.2";
			developmentRegion = English;
			hasScannedForEncodings = 0;
			knownRegions = (
				en,
				Base,
			);
			mainGroup = 891538B81D248BCB00BAB813;
			productRefGroup = 891538C21D248BCB00BAB813 /* Products */;
			projectDirPath = "";
			projectRoot = "";
			targets = (
				891538C01D248BCB00BAB813 /* SwiftReadabilityExample */,
			);
		};
/* End PBXProject section */

/* Begin PBXResourcesBuildPhase section */
		891538BF1D248BCB00BAB813 /* Resources */ = {
			isa = PBXResourcesBuildPhase;
			buildActionMask = 2147483647;
			files = (
				891538CF1D248BCB00BAB813 /* LaunchScreen.storyboard in Resources */,
				891538CC1D248BCB00BAB813 /* Assets.xcassets in Resources */,
				891538CA1D248BCB00BAB813 /* Main.storyboard in Resources */,
			);
			runOnlyForDeploymentPostprocessing = 0;
		};
/* End PBXResourcesBuildPhase section */

/* Begin PBXSourcesBuildPhase section */
		891538BD1D248BCB00BAB813 /* Sources */ = {
			isa = PBXSourcesBuildPhase;
			buildActionMask = 2147483647;
			files = (
				891538C71D248BCB00BAB813 /* ViewController.swift in Sources */,
				891538C51D248BCB00BAB813 /* AppDelegate.swift in Sources */,
			);
			runOnlyForDeploymentPostprocessing = 0;
		};
/* End PBXSourcesBuildPhase section */

/* Begin PBXVariantGroup section */
		891538C81D248BCB00BAB813 /* Main.storyboard */ = {
			isa = PBXVariantGroup;
			children = (
				891538C91D248BCB00BAB813 /* Base */,
			);
			name = Main.storyboard;
			sourceTree = "<group>";
		};
		891538CD1D248BCB00BAB813 /* LaunchScreen.storyboard */ = {
			isa = PBXVariantGroup;
			children = (
				891538CE1D248BCB00BAB813 /* Base */,
			);
			name = LaunchScreen.storyboard;
			sourceTree = "<group>";
		};
/* End PBXVariantGroup section */

/* Begin XCBuildConfiguration section */
		891538D11D248BCB00BAB813 /* Debug */ = {
			isa = XCBuildConfiguration;
			buildSettings = {
				ALWAYS_SEARCH_USER_PATHS = NO;
				CLANG_ANALYZER_NONNULL = YES;
				CLANG_CXX_LANGUAGE_STANDARD = "gnu++0x";
				CLANG_CXX_LIBRARY = "libc++";
				CLANG_ENABLE_MODULES = YES;
				CLANG_ENABLE_OBJC_ARC = YES;
				CLANG_WARN_BOOL_CONVERSION = YES;
				CLANG_WARN_CONSTANT_CONVERSION = YES;
				CLANG_WARN_DIRECT_OBJC_ISA_USAGE = YES_ERROR;
				CLANG_WARN_DOCUMENTATION_COMMENTS = YES;
				CLANG_WARN_EMPTY_BODY = YES;
				CLANG_WARN_ENUM_CONVERSION = YES;
				CLANG_WARN_INT_CONVERSION = YES;
				CLANG_WARN_OBJC_ROOT_CLASS = YES_ERROR;
				CLANG_WARN_UNREACHABLE_CODE = YES;
				CLANG_WARN__DUPLICATE_METHOD_MATCH = YES;
				"CODE_SIGN_IDENTITY[sdk=iphoneos*]" = "iPhone Developer";
				COPY_PHASE_STRIP = NO;
				DEBUG_INFORMATION_FORMAT = dwarf;
				ENABLE_STRICT_OBJC_MSGSEND = YES;
				ENABLE_TESTABILITY = YES;
				GCC_C_LANGUAGE_STANDARD = gnu99;
				GCC_DYNAMIC_NO_PIC = NO;
				GCC_NO_COMMON_BLOCKS = YES;
				GCC_OPTIMIZATION_LEVEL = 0;
				GCC_PREPROCESSOR_DEFINITIONS = (
					"DEBUG=1",
					"$(inherited)",
				);
				GCC_WARN_64_TO_32_BIT_CONVERSION = YES;
				GCC_WARN_ABOUT_RETURN_TYPE = YES_ERROR;
				GCC_WARN_UNDECLARED_SELECTOR = YES;
				GCC_WARN_UNINITIALIZED_AUTOS = YES_AGGRESSIVE;
				GCC_WARN_UNUSED_FUNCTION = YES;
				GCC_WARN_UNUSED_VARIABLE = YES;
				IPHONEOS_DEPLOYMENT_TARGET = 9.0;
				MTL_ENABLE_DEBUG_INFO = YES;
				ONLY_ACTIVE_ARCH = YES;
				SDKROOT = iphoneos;
				SWIFT_ACTIVE_COMPILATION_CONDITIONS = DEBUG;
				SWIFT_OPTIMIZATION_LEVEL = "-Onone";
			};
			name = Debug;
		};
		891538D21D248BCB00BAB813 /* Release */ = {
			isa = XCBuildConfiguration;
			buildSettings = {
				ALWAYS_SEARCH_USER_PATHS = NO;
				CLANG_ANALYZER_NONNULL = YES;
				CLANG_CXX_LANGUAGE_STANDARD = "gnu++0x";
				CLANG_CXX_LIBRARY = "libc++";
				CLANG_ENABLE_MODULES = YES;
				CLANG_ENABLE_OBJC_ARC = YES;
				CLANG_WARN_BOOL_CONVERSION = YES;
				CLANG_WARN_CONSTANT_CONVERSION = YES;
				CLANG_WARN_DIRECT_OBJC_ISA_USAGE = YES_ERROR;
				CLANG_WARN_DOCUMENTATION_COMMENTS = YES;
				CLANG_WARN_EMPTY_BODY = YES;
				CLANG_WARN_ENUM_CONVERSION = YES;
				CLANG_WARN_INT_CONVERSION = YES;
				CLANG_WARN_OBJC_ROOT_CLASS = YES_ERROR;
				CLANG_WARN_UNREACHABLE_CODE = YES;
				CLANG_WARN__DUPLICATE_METHOD_MATCH = YES;
				"CODE_SIGN_IDENTITY[sdk=iphoneos*]" = "iPhone Developer";
				COPY_PHASE_STRIP = NO;
				DEBUG_INFORMATION_FORMAT = "dwarf-with-dsym";
				ENABLE_NS_ASSERTIONS = NO;
				ENABLE_STRICT_OBJC_MSGSEND = YES;
				GCC_C_LANGUAGE_STANDARD = gnu99;
				GCC_NO_COMMON_BLOCKS = YES;
				GCC_WARN_64_TO_32_BIT_CONVERSION = YES;
				GCC_WARN_ABOUT_RETURN_TYPE = YES_ERROR;
				GCC_WARN_UNDECLARED_SELECTOR = YES;
				GCC_WARN_UNINITIALIZED_AUTOS = YES_AGGRESSIVE;
				GCC_WARN_UNUSED_FUNCTION = YES;
				GCC_WARN_UNUSED_VARIABLE = YES;
				IPHONEOS_DEPLOYMENT_TARGET = 9.0;
				MTL_ENABLE_DEBUG_INFO = NO;
				SDKROOT = iphoneos;
				SWIFT_OPTIMIZATION_LEVEL = "-Owholemodule";
				VALIDATE_PRODUCT = YES;
			};
			name = Release;
		};
		891538D41D248BCB00BAB813 /* Debug */ = {
			isa = XCBuildConfiguration;
			buildSettings = {
				ASSETCATALOG_COMPILER_APPICON_NAME = AppIcon;
				INFOPLIST_FILE = SwiftReadabilityExample/Info.plist;
				LD_RUNPATH_SEARCH_PATHS = "$(inherited) @executable_path/Frameworks";
				PRODUCT_BUNDLE_IDENTIFIER = com.chloehorgan.SwiftReadabilityExample;
				PRODUCT_NAME = "$(TARGET_NAME)";
				SWIFT_VERSION = 3.0;
			};
			name = Debug;
		};
		891538D51D248BCB00BAB813 /* Release */ = {
			isa = XCBuildConfiguration;
			buildSettings = {
				ASSETCATALOG_COMPILER_APPICON_NAME = AppIcon;
				INFOPLIST_FILE = SwiftReadabilityExample/Info.plist;
				LD_RUNPATH_SEARCH_PATHS = "$(inherited) @executable_path/Frameworks";
				PRODUCT_BUNDLE_IDENTIFIER = com.chloehorgan.SwiftReadabilityExample;
				PRODUCT_NAME = "$(TARGET_NAME)";
				SWIFT_VERSION = 3.0;
			};
			name = Release;
		};
/* End XCBuildConfiguration section */

/* Begin XCConfigurationList section */
		891538BC1D248BCB00BAB813 /* Build configuration list for PBXProject "SwiftReadabilityExample" */ = {
			isa = XCConfigurationList;
			buildConfigurations = (
				891538D11D248BCB00BAB813 /* Debug */,
				891538D21D248BCB00BAB813 /* Release */,
			);
			defaultConfigurationIsVisible = 0;
			defaultConfigurationName = Release;
		};
		891538D31D248BCB00BAB813 /* Build configuration list for PBXNativeTarget "SwiftReadabilityExample" */ = {
			isa = XCConfigurationList;
			buildConfigurations = (
				891538D41D248BCB00BAB813 /* Debug */,
				891538D51D248BCB00BAB813 /* Release */,
			);
			defaultConfigurationIsVisible = 0;
			defaultConfigurationName = Release;
		};
/* End XCConfigurationList section */
	};
	rootObject = 891538B91D248BCB00BAB813 /* Project object */;
}
